
Microsoft Visual Studio Solution File, Format Version 12.00
# Visual Studio Version 17
VisualStudioVersion = 17.14.36202.13
MinimumVisualStudioVersion = 10.0.40219.1
Project("{FAE04EC0-301F-11D3-BF4B-00C04F79EFBC}") = "Kubit.Core.Cliente", "Kubit.Core.Cliente\Kubit.Core.Cliente.csproj", "{8C4FCF17-01F4-42BC-B64E-CD1ABB933B72}"
EndProject
Global
	GlobalSection(SolutionConfigurationPlatforms) = preSolution
		Debug|Any CPU = Debug|Any CPU
		Debug|x64 = Debug|x64
		Release|Any CPU = Release|Any CPU
		Release|x64 = Release|x64
	EndGlobalSection
	GlobalSection(ProjectConfigurationPlatforms) = postSolution
		{8C4FCF17-01F4-42BC-B64E-CD1ABB933B72}.Debug|Any CPU.ActiveCfg = Debug|Any CPU
		{8C4FCF17-01F4-42BC-B64E-CD1ABB933B72}.Debug|Any CPU.Build.0 = Debug|Any CPU
		{8C4FCF17-01F4-42BC-B64E-CD1ABB933B72}.Debug|x64.ActiveCfg = Debug|x64
		{8C4FCF17-01F4-42BC-B64E-CD1ABB933B72}.Debug|x64.Build.0 = Debug|x64
		{8C4FCF17-01F4-42BC-B64E-CD1ABB933B72}.Release|Any CPU.ActiveCfg = Release|Any CPU
		{8C4FCF17-01F4-42BC-B64E-CD1ABB933B72}.Release|Any CPU.Build.0 = Release|Any CPU
		{8C4FCF17-01F4-42BC-B64E-CD1ABB933B72}.Release|x64.ActiveCfg = Release|x64
		{8C4FCF17-01F4-42BC-B64E-CD1ABB933B72}.Release|x64.Build.0 = Release|x64
	EndGlobalSection
	GlobalSection(SolutionProperties) = preSolution
		HideSolutionNode = FALSE
	EndGlobalSection
	GlobalSection(ExtensibilityGlobals) = postSolution
		SolutionGuid = {DC20D5DF-CC93-4405-B9D1-99B1B171B9D2}
	EndGlobalSection
EndGlobal
